<?xml version="1.0" encoding="utf-8"?>
<Project ToolsVersion="4.0" xmlns="http://schemas.microsoft.com/developer/msbuild/2003">
  <ItemGroup>
    <Filter Include="소스 파일">
      <UniqueIdentifier>{4FC737F1-C7A5-4376-A066-2A32D752A2FF}</UniqueIdentifier>
      <Extensions>cpp;c;cc;cxx;c++;cppm;ixx;def;odl;idl;hpj;bat;asm;asmx</Extensions>
    </Filter>
    <Filter Include="헤더 파일">
      <UniqueIdentifier>{93995380-89BD-4b04-88EB-625FBE52EBFB}</UniqueIdentifier>
      <Extensions>h;hh;hpp;hxx;h++;hm;inl;inc;ipp;xsd</Extensions>
    </Filter>
    <Filter Include="리소스 파일">
      <UniqueIdentifier>{67DA6AB6-F800-4c08-8B7A-83BB121AAD01}</UniqueIdentifier>
      <Extensions>rc;ico;cur;bmp;dlg;rc2;rct;bin;rgs;gif;jpg;jpeg;jpe;resx;tiff;tif;png;wav;mfcribbon-ms</Extensions>
    </Filter>
    <Filter Include="헤더 파일\win32">
      <UniqueIdentifier>{5e433e82-4c9f-4f16-9237-30ae57c7327b}</UniqueIdentifier>
    </Filter>
    <Filter Include="헤더 파일\engine">
      <UniqueIdentifier>{3147d715-2004-4aca-b5b0-44ae4d13047e}</UniqueIdentifier>
    </Filter>
    <Filter Include="헤더 파일\game">
      <UniqueIdentifier>{772de68b-6f3a-40f7-8b83-4213abc9bc59}</UniqueIdentifier>
    </Filter>
  </ItemGroup>
  <ItemGroup>
    <ClInclude Include="targetver.h">
      <Filter>헤더 파일\win32</Filter>
    </ClInclude>
    <ClInclude Include="client.h">
      <Filter>헤더 파일\win32</Filter>
    </ClInclude>
    <ClInclude Include="framework.h">
      <Filter>헤더 파일\win32</Filter>
    </ClInclude>
    <ClInclude Include="Resource.h">
      <Filter>헤더 파일\win32</Filter>
    </ClInclude>
    <ClInclude Include="engine\worldBase.h">
      <Filter>헤더 파일\engine</Filter>
    </ClInclude>
    <ClInclude Include="engine\componentCounter.h">
      <Filter>헤더 파일\engine</Filter>
    </ClInclude>
    <ClInclude Include="engine\componentMask.h">
      <Filter>헤더 파일\engine</Filter>
    </ClInclude>
    <ClInclude Include="engine\engine.h">
      <Filter>헤더 파일\engine</Filter>
    </ClInclude>
    <ClInclude Include="engine\entity.h">
      <Filter>헤더 파일\engine</Filter>
    </ClInclude>
    <ClInclude Include="engine\system.h">
      <Filter>헤더 파일\engine</Filter>
    </ClInclude>
    <ClInclude Include="engine\world.h">
      <Filter>헤더 파일\engine</Filter>
    </ClInclude>
    <ClInclude Include="game\core.h">
      <Filter>헤더 파일\game</Filter>
    </ClInclude>
    <ClInclude Include="game\game.h">
      <Filter>헤더 파일\game</Filter>
    </ClInclude>
    <ClInclude Include="game\human.h">
      <Filter>헤더 파일\game</Filter>
    </ClInclude>
    <ClInclude Include="game\needHuman.h">
      <Filter>헤더 파일\game</Filter>
    </ClInclude>
    <ClInclude Include="game\particle.h">
      <Filter>헤더 파일\game</Filter>
    </ClInclude>
    <ClInclude Include="game\beam.h">
      <Filter>헤더 파일\game</Filter>
    </ClInclude>
    <ClInclude Include="game\beamSystem.h">
      <Filter>헤더 파일\game</Filter>
    </ClInclude>
    <ClInclude Include="game\render.h">
      <Filter>헤더 파일\game</Filter>
    </ClInclude>
    <ClInclude Include="game\audio.h">
      <Filter>헤더 파일\game</Filter>
    </ClInclude>
  </ItemGroup>
  <ItemGroup>
    <ClCompile Include="client.cpp">
      <Filter>소스 파일</Filter>
    </ClCompile>
  </ItemGroup>
  <ItemGroup>
    <ResourceCompile Include="client.rc">
      <Filter>리소스 파일</Filter>
    </ResourceCompile>
  </ItemGroup>
  <ItemGroup>
    <Image Include="small.ico">
      <Filter>리소스 파일</Filter>
    </Image>
    <Image Include="client.ico">
      <Filter>리소스 파일</Filter>
    </Image>
    <Image Include="..\..\..\..\Desktop\리소스\캐릭터\air0.png">
      <Filter>리소스 파일</Filter>
    </Image>
    <Image Include="..\..\..\..\Desktop\리소스\캐릭터\attack0.png">
      <Filter>리소스 파일</Filter>
    </Image>
    <Image Include="..\..\..\..\Desktop\리소스\캐릭터\attack1.png">
      <Filter>리소스 파일</Filter>
    </Image>
    <Image Include="..\..\..\..\Desktop\리소스\캐릭터\attack2.png">
      <Filter>리소스 파일</Filter>
    </Image>
    <Image Include="..\..\..\..\Desktop\리소스\캐릭터\attack3.png">
      <Filter>리소스 파일</Filter>
    </Image>
    <Image Include="..\..\..\..\Desktop\리소스\캐릭터\attack4.png">
      <Filter>리소스 파일</Filter>
    </Image>
    <Image Include="..\..\..\..\Desktop\리소스\캐릭터\attack5.png">
      <Filter>리소스 파일</Filter>
    </Image>
    <Image Include="..\..\..\..\Desktop\리소스\캐릭터\attack6.png">
      <Filter>리소스 파일</Filter>
    </Image>
    <Image Include="..\..\..\..\Desktop\리소스\캐릭터\beam0.png">
      <Filter>리소스 파일</Filter>
    </Image>
    <Image Include="..\..\..\..\Desktop\리소스\캐릭터\beam1.png">
      <Filter>리소스 파일</Filter>
    </Image>
    <Image Include="..\..\..\..\Desktop\리소스\캐릭터\blood0.png">
      <Filter>리소스 파일</Filter>
    </Image>
    <Image Include="..\..\..\..\Desktop\리소스\캐릭터\blood1.png">
      <Filter>리소스 파일</Filter>
    </Image>
    <Image Include="..\..\..\..\Desktop\리소스\캐릭터\charge0.png">
      <Filter>리소스 파일</Filter>
    </Image>
    <Image Include="..\..\..\..\Desktop\리소스\캐릭터\charge1.png">
      <Filter>리소스 파일</Filter>
    </Image>
    <Image Include="..\..\..\..\Desktop\리소스\캐릭터\charge2.png">
      <Filter>리소스 파일</Filter>
    </Image>
    <Image Include="..\..\..\..\Desktop\리소스\캐릭터\charge3.png">
      <Filter>리소스 파일</Filter>
    </Image>
    <Image Include="..\..\..\..\Desktop\리소스\캐릭터\charge4.png">
      <Filter>리소스 파일</Filter>
    </Image>
    <Image Include="..\..\..\..\Desktop\리소스\캐릭터\charge5.png">
      <Filter>리소스 파일</Filter>
    </Image>
    <Image Include="..\..\..\..\Desktop\리소스\캐릭터\charge6.png">
      <Filter>리소스 파일</Filter>
    </Image>
    <Image Include="..\..\..\..\Desktop\리소스\캐릭터\charge7.png">
      <Filter>리소스 파일</Filter>
    </Image>
    <Image Include="..\..\..\..\Desktop\리소스\캐릭터\die0.png">
      <Filter>리소스 파일</Filter>
    </Image>
    <Image Include="..\..\..\..\Desktop\리소스\캐릭터\die1.png">
      <Filter>리소스 파일</Filter>
    </Image>
    <Image Include="..\..\..\..\Desktop\리소스\캐릭터\die2.png">
      <Filter>리소스 파일</Filter>
    </Image>
    <Image Include="..\..\..\..\Desktop\리소스\캐릭터\die3.png">
      <Filter>리소스 파일</Filter>
    </Image>
    <Image Include="..\..\..\..\Desktop\리소스\캐릭터\die4.png">
      <Filter>리소스 파일</Filter>
    </Image>
    <Image Include="..\..\..\..\Desktop\리소스\캐릭터\hitAttack0.png">
      <Filter>리소스 파일</Filter>
    </Image>
    <Image Include="..\..\..\..\Desktop\리소스\캐릭터\hitAttack1.png">
      <Filter>리소스 파일</Filter>
    </Image>
    <Image Include="..\..\..\..\Desktop\리소스\캐릭터\hitAttack2.png">
      <Filter>리소스 파일</Filter>
    </Image>
    <Image Include="..\..\..\..\Desktop\리소스\캐릭터\hitBeam0.png">
      <Filter>리소스 파일</Filter>
    </Image>
    <Image Include="..\..\..\..\Desktop\리소스\캐릭터\hitBeam1.png">
      <Filter>리소스 파일</Filter>
    </Image>
    <Image Include="..\..\..\..\Desktop\리소스\캐릭터\hitBeam2.png">
      <Filter>리소스 파일</Filter>
    </Image>
    <Image Include="..\..\..\..\Desktop\리소스\캐릭터\idle0.png">
      <Filter>리소스 파일</Filter>
    </Image>
    <Image Include="..\..\..\..\Desktop\리소스\캐릭터\idle1.png">
      <Filter>리소스 파일</Filter>
    </Image>
    <Image Include="..\..\..\..\Desktop\리소스\캐릭터\move0.png">
      <Filter>리소스 파일</Filter>
    </Image>
    <Image Include="..\..\..\..\Desktop\리소스\캐릭터\move1.png">
      <Filter>리소스 파일</Filter>
    </Image>
    <Image Include="..\..\..\..\Desktop\리소스\캐릭터\skill0.png">
      <Filter>리소스 파일</Filter>
    </Image>
    <Image Include="..\..\..\..\Desktop\리소스\캐릭터\skill1.png">
      <Filter>리소스 파일</Filter>
    </Image>
    <Image Include="..\..\..\..\Desktop\리소스\캐릭터\skill2.png">
      <Filter>리소스 파일</Filter>
    </Image>
    <Image Include="..\..\..\..\Desktop\리소스\캐릭터\skill3.png">
      <Filter>리소스 파일</Filter>
    </Image>
    <Image Include="..\..\..\..\Desktop\리소스\캐릭터\skill4.png">
      <Filter>리소스 파일</Filter>
    </Image>
    <Image Include="..\..\..\..\Desktop\리소스\캐릭터\skill5.png">
      <Filter>리소스 파일</Filter>
    </Image>
    <Image Include="..\..\..\..\Desktop\리소스\캐릭터\spark0.png">
      <Filter>리소스 파일</Filter>
    </Image>
    <Image Include="..\..\..\..\Desktop\리소스\캐릭터\spark1.png">
      <Filter>리소스 파일</Filter>
    </Image>
  </ItemGroup>
</Project>